{
  "nodes": {
    "nixpkgs": {
      "flake": false,
      "locked": {
        "lastModified": 1756159630,
        "narHash": "sha256-ohMvsjtSVdT/bruXf5ClBh8ZYXRmD4krmjKrXhEvwMg=",
        "owner": "NixOS",
        "repo": "nixpkgs",
        "rev": "84c256e42600cb0fdf25763b48d28df2f25a0c8b",
        "type": "github"
      },
      "original": {
        "owner": "NixOS",
        "ref": "nixpkgs-unstable",
        "repo": "nixpkgs",
        "type": "github"
      }
    },
    "nixpkgs-24_11": {
      "flake": false,
      "locked": {
        "lastModified": 1751290243,
        "narHash": "sha256-kNf+obkpJZWar7HZymXZbW+Rlk3HTEIMlpc6FCNz0Ds=",
        "owner": "NixOS",
        "repo": "nixpkgs",
        "rev": "5ab036a8d97cb9476fbe81b09076e6e91d15e1b6",
        "type": "github"
      },
      "original": {
        "owner": "NixOS",
        "ref": "release-24.11",
        "repo": "nixpkgs",
        "type": "github"
      }
    },
    "nixpkgs-25_05": {
      "flake": false,
      "locked": {
        "lastModified": 1756256580,
        "narHash": "sha256-5dK+s7/K+fe2glXM5MzZSHhxOeYKuDATVb9dfN5vpKo=",
        "owner": "NixOS",
        "repo": "nixpkgs",
        "rev": "b0b01eca2255f437a77ab0ed318ff8ea255df039",
        "type": "github"
      },
      "original": {
        "owner": "NixOS",
        "ref": "release-25.05",
        "repo": "nixpkgs",
        "type": "github"
      }
    },
    "root": {
      "inputs": {
        "nixpkgs": "nixpkgs",
        "nixpkgs-24_11": "nixpkgs-24_11",
        "nixpkgs-25_05": "nixpkgs-25_05"
      }
    }
  },
  "root": "root",
  "version": 7
}
